
Microsoft Visual Studio Solution File, Format Version 12.00
# Visual Studio Version 17
VisualStudioVersion = 17.7.34031.279
MinimumVisualStudioVersion = 10.0.40219.1
Project("{FAE04EC0-301F-11D3-BF4B-00C04F79EFBC}") = "D2A", "D2A.csproj", "{50F38851-1426-4C41-8A84-BA5223CFF97B}"
EndProject
Global
	GlobalSection(SolutionConfigurationPlatforms) = preSolution
		Debug|Any CPU = Debug|Any CPU
		Release|Any CPU = Release|Any CPU
	EndGlobalSection
	GlobalSection(ProjectConfigurationPlatforms) = postSolution
		{50F38851-1426-4C41-8A84-BA5223CFF97B}.Debug|Any CPU.ActiveCfg = Debug|Any CPU
		{50F38851-1426-4C41-8A84-BA5223CFF97B}.Debug|Any CPU.Build.0 = Debug|Any CPU
		{50F38851-1426-4C41-8A84-BA5223CFF97B}.Release|Any CPU.ActiveCfg = Release|Any CPU
		{50F38851-1426-4C41-8A84-BA5223CFF97B}.Release|Any CPU.Build.0 = Release|Any CPU
	EndGlobalSection
	GlobalSection(SolutionProperties) = preSolution
		HideSolutionNode = FALSE
	EndGlobalSection
	GlobalSection(ExtensibilityGlobals) = postSolution
		SolutionGuid = {CFBB6AF0-CFF9-4BD7-B68D-0A9EDFDBCB3C}
	EndGlobalSection
EndGlobal
