
Microsoft Visual Studio Solution File, Format Version 12.00
# Visual Studio Version 17
VisualStudioVersion = 17.7.34202.233
MinimumVisualStudioVersion = 10.0.40219.1
Project("{FAE04EC0-301F-11D3-BF4B-00C04F79EFBC}") = "Alg-1.16.24", "Alg-1.16.24.csproj", "{8CCBF2FE-78C0-4C0E-AC56-3087D0417B01}"
EndProject
Global
	GlobalSection(SolutionConfigurationPlatforms) = preSolution
		Debug|Any CPU = Debug|Any CPU
		Release|Any CPU = Release|Any CPU
	EndGlobalSection
	GlobalSection(ProjectConfigurationPlatforms) = postSolution
		{8CCBF2FE-78C0-4C0E-AC56-3087D0417B01}.Debug|Any CPU.ActiveCfg = Debug|Any CPU
		{8CCBF2FE-78C0-4C0E-AC56-3087D0417B01}.Debug|Any CPU.Build.0 = Debug|Any CPU
		{8CCBF2FE-78C0-4C0E-AC56-3087D0417B01}.Release|Any CPU.ActiveCfg = Release|Any CPU
		{8CCBF2FE-78C0-4C0E-AC56-3087D0417B01}.Release|Any CPU.Build.0 = Release|Any CPU
	EndGlobalSection
	GlobalSection(SolutionProperties) = preSolution
		HideSolutionNode = FALSE
	EndGlobalSection
	GlobalSection(ExtensibilityGlobals) = postSolution
		SolutionGuid = {1D5ACF0D-9D05-48E4-B831-BEF323AA84A6}
	EndGlobalSection
EndGlobal
