
Microsoft Visual Studio Solution File, Format Version 12.00
# Visual Studio Version 17
VisualStudioVersion = 17.7.34202.233
MinimumVisualStudioVersion = 10.0.40219.1
Project("{FAE04EC0-301F-11D3-BF4B-00C04F79EFBC}") = "Fibonacci sequence", "Fibonacci sequence.csproj", "{3DCBDA63-2856-4C70-A440-EEA354DE761F}"
EndProject
Global
	GlobalSection(SolutionConfigurationPlatforms) = preSolution
		Debug|Any CPU = Debug|Any CPU
		Release|Any CPU = Release|Any CPU
	EndGlobalSection
	GlobalSection(ProjectConfigurationPlatforms) = postSolution
		{3DCBDA63-2856-4C70-A440-EEA354DE761F}.Debug|Any CPU.ActiveCfg = Debug|Any CPU
		{3DCBDA63-2856-4C70-A440-EEA354DE761F}.Debug|Any CPU.Build.0 = Debug|Any CPU
		{3DCBDA63-2856-4C70-A440-EEA354DE761F}.Release|Any CPU.ActiveCfg = Release|Any CPU
		{3DCBDA63-2856-4C70-A440-EEA354DE761F}.Release|Any CPU.Build.0 = Release|Any CPU
	EndGlobalSection
	GlobalSection(SolutionProperties) = preSolution
		HideSolutionNode = FALSE
	EndGlobalSection
	GlobalSection(ExtensibilityGlobals) = postSolution
		SolutionGuid = {E2A0E778-22AF-47B6-9449-DC1BC05DC5D5}
	EndGlobalSection
EndGlobal
